// !$*UTF8*$!
{
	archiveVersion = 1;
	classes = {
	};
	objectVersion = 50;
	objects = {

/* Begin PBXBuildFile section */
		39284BE426F237A8004EB4F7 /* AppDelegate.swift in Sources */ = {isa = PBXBuildFile; fileRef = 39284BE326F237A8004EB4F7 /* AppDelegate.swift */; };
		39284BE626F237A8004EB4F7 /* ViewController.swift in Sources */ = {isa = PBXBuildFile; fileRef = 39284BE526F237A8004EB4F7 /* ViewController.swift */; };
		39284BE826F237AA004EB4F7 /* Assets.xcassets in Resources */ = {isa = PBXBuildFile; fileRef = 39284BE726F237AA004EB4F7 /* Assets.xcassets */; };
		39284BEB26F237AA004EB4F7 /* Main.storyboard in Resources */ = {isa = PBXBuildFile; fileRef = 39284BE926F237AA004EB4F7 /* Main.storyboard */; };
		39284BF726F237AB004EB4F7 /* jinseiTests.swift in Sources */ = {isa = PBXBuildFile; fileRef = 39284BF626F237AB004EB4F7 /* jinseiTests.swift */; };
		39284C0226F237AB004EB4F7 /* jinseiUITests.swift in Sources */ = {isa = PBXBuildFile; fileRef = 39284C0126F237AB004EB4F7 /* jinseiUITests.swift */; };
/* End PBXBuildFile section */

/* Begin PBXContainerItemProxy section */
		39284BF326F237AB004EB4F7 /* PBXContainerItemProxy */ = {
			isa = PBXContainerItemProxy;
			containerPortal = 39284BD826F237A8004EB4F7 /* Project object */;
			proxyType = 1;
			remoteGlobalIDString = 39284BDF26F237A8004EB4F7;
			remoteInfo = jinsei;
		};
		39284BFE26F237AB004EB4F7 /* PBXContainerItemProxy */ = {
			isa = PBXContainerItemProxy;
			containerPortal = 39284BD826F237A8004EB4F7 /* Project object */;
			proxyType = 1;
			remoteGlobalIDString = 39284BDF26F237A8004EB4F7;
			remoteInfo = jinsei;
		};
/* End PBXContainerItemProxy section */

/* Begin PBXFileReference section */
		39284BE026F237A8004EB4F7 /* jinsei.app */ = {isa = PBXFileReference; explicitFileType = wrapper.application; includeInIndex = 0; path = jinsei.app; sourceTree = BUILT_PRODUCTS_DIR; };
		39284BE326F237A8004EB4F7 /* AppDelegate.swift */ = {isa = PBXFileReference; lastKnownFileType = sourcecode.swift; path = AppDelegate.swift; sourceTree = "<group>"; };
		39284BE526F237A8004EB4F7 /* ViewController.swift */ = {isa = PBXFileReference; lastKnownFileType = sourcecode.swift; path = ViewController.swift; sourceTree = "<group>"; };
		39284BE726F237AA004EB4F7 /* Assets.xcassets */ = {isa = PBXFileReference; lastKnownFileType = folder.assetcatalog; path = Assets.xcassets; sourceTree = "<group>"; };
		39284BEA26F237AA004EB4F7 /* Base */ = {isa = PBXFileReference; lastKnownFileType = file.storyboard; name = Base; path = Base.lproj/Main.storyboard; sourceTree = "<group>"; };
		39284BEC26F237AA004EB4F7 /* Info.plist */ = {isa = PBXFileReference; lastKnownFileType = text.plist.xml; path = Info.plist; sourceTree = "<group>"; };
		39284BED26F237AA004EB4F7 /* jinsei.entitlements */ = {isa = PBXFileReference; lastKnownFileType = text.plist.entitlements; path = jinsei.entitlements; sourceTree = "<group>"; };
		39284BF226F237AB004EB4F7 /* jinseiTests.xctest */ = {isa = PBXFileReference; explicitFileType = wrapper.cfbundle; includeInIndex = 0; path = jinseiTests.xctest; sourceTree = BUILT_PRODUCTS_DIR; };
		39284BF626F237AB004EB4F7 /* jinseiTests.swift */ = {isa = PBXFileReference; lastKnownFileType = sourcecode.swift; path = jinseiTests.swift; sourceTree = "<group>"; };
		39284BF826F237AB004EB4F7 /* Info.plist */ = {isa = PBXFileReference; lastKnownFileType = text.plist.xml; path = Info.plist; sourceTree = "<group>"; };
		39284BFD26F237AB004EB4F7 /* jinseiUITests.xctest */ = {isa = PBXFileReference; explicitFileType = wrapper.cfbundle; includeInIndex = 0; path = jinseiUITests.xctest; sourceTree = BUILT_PRODUCTS_DIR; };
		39284C0126F237AB004EB4F7 /* jinseiUITests.swift */ = {isa = PBXFileReference; lastKnownFileType = sourcecode.swift; path = jinseiUITests.swift; sourceTree = "<group>"; };
		39284C0326F237AB004EB4F7 /* Info.plist */ = {isa = PBXFileReference; lastKnownFileType = text.plist.xml; path = Info.plist; sourceTree = "<group>"; };
/* End PBXFileReference section */

/* Begin PBXFrameworksBuildPhase section */
		39284BDD26F237A8004EB4F7 /* Frameworks */ = {
			isa = PBXFrameworksBuildPhase;
			buildActionMask = 2147483647;
			files = (
			);
			runOnlyForDeploymentPostprocessing = 0;
		};
		39284BEF26F237AB004EB4F7 /* Frameworks */ = {
			isa = PBXFrameworksBuildPhase;
			buildActionMask = 2147483647;
			files = (
			);
			runOnlyForDeploymentPostprocessing = 0;
		};
		39284BFA26F237AB004EB4F7 /* Frameworks */ = {
			isa = PBXFrameworksBuildPhase;
			buildActionMask = 2147483647;
			files = (
			);
			runOnlyForDeploymentPostprocessing = 0;
		};
/* End PBXFrameworksBuildPhase section */

/* Begin PBXGroup section */
		39284BD726F237A8004EB4F7 = {
			isa = PBXGroup;
			children = (
				39284BE226F237A8004EB4F7 /* jinsei */,
				39284BF526F237AB004EB4F7 /* jinseiTests */,
				39284C0026F237AB004EB4F7 /* jinseiUITests */,
				39284BE126F237A8004EB4F7 /* Products */,
			);
			sourceTree = "<group>";
		};
		39284BE126F237A8004EB4F7 /* Products */ = {
			isa = PBXGroup;
			children = (
				39284BE026F237A8004EB4F7 /* jinsei.app */,
				39284BF226F237AB004EB4F7 /* jinseiTests.xctest */,
				39284BFD26F237AB004EB4F7 /* jinseiUITests.xctest */,
			);
			name = Products;
			sourceTree = "<group>";
		};
		39284BE226F237A8004EB4F7 /* jinsei */ = {
			isa = PBXGroup;
			children = (
				39284BE326F237A8004EB4F7 /* AppDelegate.swift */,
				39284BE526F237A8004EB4F7 /* ViewController.swift */,
				39284BE726F237AA004EB4F7 /* Assets.xcassets */,
				39284BE926F237AA004EB4F7 /* Main.storyboard */,
				39284BEC26F237AA004EB4F7 /* Info.plist */,
				39284BED26F237AA004EB4F7 /* jinsei.entitlements */,
			);
			path = jinsei;
			sourceTree = "<group>";
		};
		39284BF526F237AB004EB4F7 /* jinseiTests */ = {
			isa = PBXGroup;
			children = (
				39284BF626F237AB004EB4F7 /* jinseiTests.swift */,
				39284BF826F237AB004EB4F7 /* Info.plist */,
			);
			path = jinseiTests;
			sourceTree = "<group>";
		};
		39284C0026F237AB004EB4F7 /* jinseiUITests */ = {
			isa = PBXGroup;
			children = (
				39284C0126F237AB004EB4F7 /* jinseiUITests.swift */,
				39284C0326F237AB004EB4F7 /* Info.plist */,
			);
			path = jinseiUITests;
			sourceTree = "<group>";
		};
/* End PBXGroup section */

/* Begin PBXNativeTarget section */
		39284BDF26F237A8004EB4F7 /* jinsei */ = {
			isa = PBXNativeTarget;
			buildConfigurationList = 39284C0626F237AB004EB4F7 /* Build configuration list for PBXNativeTarget "jinsei" */;
			buildPhases = (
				39284BDC26F237A8004EB4F7 /* Sources */,
				39284BDD26F237A8004EB4F7 /* Frameworks */,
				39284BDE26F237A8004EB4F7 /* Resources */,
			);
			buildRules = (
			);
			dependencies = (
			);
			name = jinsei;
			productName = jinsei;
			productReference = 39284BE026F237A8004EB4F7 /* jinsei.app */;
			productType = "com.apple.product-type.application";
		};
		39284BF126F237AB004EB4F7 /* jinseiTests */ = {
			isa = PBXNativeTarget;
			buildConfigurationList = 39284C0926F237AB004EB4F7 /* Build configuration list for PBXNativeTarget "jinseiTests" */;
			buildPhases = (
				39284BEE26F237AB004EB4F7 /* Sources */,
				39284BEF26F237AB004EB4F7 /* Frameworks */,
				39284BF026F237AB004EB4F7 /* Resources */,
			);
			buildRules = (
			);
			dependencies = (
				39284BF426F237AB004EB4F7 /* PBXTargetDependency */,
			);
			name = jinseiTests;
			productName = jinseiTests;
			productReference = 39284BF226F237AB004EB4F7 /* jinseiTests.xctest */;
			productType = "com.apple.product-type.bundle.unit-test";
		};
		39284BFC26F237AB004EB4F7 /* jinseiUITests */ = {
			isa = PBXNativeTarget;
			buildConfigurationList = 39284C0C26F237AB004EB4F7 /* Build configuration list for PBXNativeTarget "jinseiUITests" */;
			buildPhases = (
				39284BF926F237AB004EB4F7 /* Sources */,
				39284BFA26F237AB004EB4F7 /* Frameworks */,
				39284BFB26F237AB004EB4F7 /* Resources */,
			);
			buildRules = (
			);
			dependencies = (
				39284BFF26F237AB004EB4F7 /* PBXTargetDependency */,
			);
			name = jinseiUITests;
			productName = jinseiUITests;
			productReference = 39284BFD26F237AB004EB4F7 /* jinseiUITests.xctest */;
			productType = "com.apple.product-type.bundle.ui-testing";
		};
/* End PBXNativeTarget section */

/* Begin PBXProject section */
		39284BD826F237A8004EB4F7 /* Project object */ = {
			isa = PBXProject;
			attributes = {
				LastSwiftUpdateCheck = 1250;
				LastUpgradeCheck = 1250;
				TargetAttributes = {
					39284BDF26F237A8004EB4F7 = {
						CreatedOnToolsVersion = 12.5.1;
					};
					39284BF126F237AB004EB4F7 = {
						CreatedOnToolsVersion = 12.5.1;
						TestTargetID = 39284BDF26F237A8004EB4F7;
					};
					39284BFC26F237AB004EB4F7 = {
						CreatedOnToolsVersion = 12.5.1;
						TestTargetID = 39284BDF26F237A8004EB4F7;
					};
				};
			};
			buildConfigurationList = 39284BDB26F237A8004EB4F7 /* Build configuration list for PBXProject "jinsei" */;
			compatibilityVersion = "Xcode 9.3";
			developmentRegion = en;
			hasScannedForEncodings = 0;
			knownRegions = (
				en,
				Base,
			);
			mainGroup = 39284BD726F237A8004EB4F7;
			productRefGroup = 39284BE126F237A8004EB4F7 /* Products */;
			projectDirPath = "";
			projectRoot = "";
			targets = (
				39284BDF26F237A8004EB4F7 /* jinsei */,
				39284BF126F237AB004EB4F7 /* jinseiTests */,
				39284BFC26F237AB004EB4F7 /* jinseiUITests */,
			);
		};
/* End PBXProject section */

/* Begin PBXResourcesBuildPhase section */
		39284BDE26F237A8004EB4F7 /* Resources */ = {
			isa = PBXResourcesBuildPhase;
			buildActionMask = 2147483647;
			files = (
				39284BE826F237AA004EB4F7 /* Assets.xcassets in Resources */,
				39284BEB26F237AA004EB4F7 /* Main.storyboard in Resources */,
			);
			runOnlyForDeploymentPostprocessing = 0;
		};
		39284BF026F237AB004EB4F7 /* Resources */ = {
			isa = PBXResourcesBuildPhase;
			buildActionMask = 2147483647;
			files = (
			);
			runOnlyForDeploymentPostprocessing = 0;
		};
		39284BFB26F237AB004EB4F7 /* Resources */ = {
			isa = PBXResourcesBuildPhase;
			buildActionMask = 2147483647;
			files = (
			);
			runOnlyForDeploymentPostprocessing = 0;
		};
/* End PBXResourcesBuildPhase section */

/* Begin PBXSourcesBuildPhase section */
		39284BDC26F237A8004EB4F7 /* Sources */ = {
			isa = PBXSourcesBuildPhase;
			buildActionMask = 2147483647;
			files = (
				39284BE626F237A8004EB4F7 /* ViewController.swift in Sources */,
				39284BE426F237A8004EB4F7 /* AppDelegate.swift in Sources */,
			);
			runOnlyForDeploymentPostprocessing = 0;
		};
		39284BEE26F237AB004EB4F7 /* Sources */ = {
			isa = PBXSourcesBuildPhase;
			buildActionMask = 2147483647;
			files = (
				39284BF726F237AB004EB4F7 /* jinseiTests.swift in Sources */,
			);
			runOnlyForDeploymentPostprocessing = 0;
		};
		39284BF926F237AB004EB4F7 /* Sources */ = {
			isa = PBXSourcesBuildPhase;
			buildActionMask = 2147483647;
			files = (
				39284C0226F237AB004EB4F7 /* jinseiUITests.swift in Sources */,
			);
			runOnlyForDeploymentPostprocessing = 0;
		};
/* End PBXSourcesBuildPhase section */

/* Begin PBXTargetDependency section */
		39284BF426F237AB004EB4F7 /* PBXTargetDependency */ = {
			isa = PBXTargetDependency;
			target = 39284BDF26F237A8004EB4F7 /* jinsei */;
			targetProxy = 39284BF326F237AB004EB4F7 /* PBXContainerItemProxy */;
		};
		39284BFF26F237AB004EB4F7 /* PBXTargetDependency */ = {
			isa = PBXTargetDependency;
			target = 39284BDF26F237A8004EB4F7 /* jinsei */;
			targetProxy = 39284BFE26F237AB004EB4F7 /* PBXContainerItemProxy */;
		};
/* End PBXTargetDependency section */

/* Begin PBXVariantGroup section */
		39284BE926F237AA004EB4F7 /* Main.storyboard */ = {
			isa = PBXVariantGroup;
			children = (
				39284BEA26F237AA004EB4F7 /* Base */,
			);
			name = Main.storyboard;
			sourceTree = "<group>";
		};
/* End PBXVariantGroup section */

/* Begin XCBuildConfiguration section */
		39284C0426F237AB004EB4F7 /* Debug */ = {
			isa = XCBuildConfiguration;
			buildSettings = {
				ALWAYS_SEARCH_USER_PATHS = NO;
				CLANG_ANALYZER_LOCALIZABILITY_NONLOCALIZED = YES;
				CLANG_ANALYZER_NONNULL = YES;
				CLANG_ANALYZER_NUMBER_OBJECT_CONVERSION = YES_AGGRESSIVE;
				CLANG_CXX_LANGUAGE_STANDARD = "gnu++14";
				CLANG_CXX_LIBRARY = "libc++";
				CLANG_ENABLE_MODULES = YES;
				CLANG_ENABLE_OBJC_ARC = YES;
				CLANG_ENABLE_OBJC_WEAK = YES;
				CLANG_WARN_BLOCK_CAPTURE_AUTORELEASING = YES;
				CLANG_WARN_BOOL_CONVERSION = YES;
				CLANG_WARN_COMMA = YES;
				CLANG_WARN_CONSTANT_CONVERSION = YES;
				CLANG_WARN_DEPRECATED_OBJC_IMPLEMENTATIONS = YES;
				CLANG_WARN_DIRECT_OBJC_ISA_USAGE = YES_ERROR;
				CLANG_WARN_DOCUMENTATION_COMMENTS = YES;
				CLANG_WARN_EMPTY_BODY = YES;
				CLANG_WARN_ENUM_CONVERSION = YES;
				CLANG_WARN_INFINITE_RECURSION = YES;
				CLANG_WARN_INT_CONVERSION = YES;
				CLANG_WARN_NON_LITERAL_NULL_CONVERSION = YES;
				CLANG_WARN_OBJC_IMPLICIT_RETAIN_SELF = YES;
				CLANG_WARN_OBJC_LITERAL_CONVERSION = YES;
				CLANG_WARN_OBJC_ROOT_CLASS = YES_ERROR;
				CLANG_WARN_QUOTED_INCLUDE_IN_FRAMEWORK_HEADER = YES;
				CLANG_WARN_RANGE_LOOP_ANALYSIS = YES;
				CLANG_WARN_STRICT_PROTOTYPES = YES;
				CLANG_WARN_SUSPICIOUS_MOVE = YES;
				CLANG_WARN_UNGUARDED_AVAILABILITY = YES_AGGRESSIVE;
				CLANG_WARN_UNREACHABLE_CODE = YES;
				CLANG_WARN__DUPLICATE_METHOD_MATCH = YES;
				COPY_PHASE_STRIP = NO;
				DEBUG_INFORMATION_FORMAT = dwarf;
				ENABLE_STRICT_OBJC_MSGSEND = YES;
				ENABLE_TESTABILITY = YES;
				GCC_C_LANGUAGE_STANDARD = gnu11;
				GCC_DYNAMIC_NO_PIC = NO;
				GCC_NO_COMMON_BLOCKS = YES;
				GCC_OPTIMIZATION_LEVEL = 0;
				GCC_PREPROCESSOR_DEFINITIONS = (
					"DEBUG=1",
					"$(inherited)",
				);
				GCC_WARN_64_TO_32_BIT_CONVERSION = YES;
				GCC_WARN_ABOUT_RETURN_TYPE = YES_ERROR;
				GCC_WARN_UNDECLARED_SELECTOR = YES;
				GCC_WARN_UNINITIALIZED_AUTOS = YES_AGGRESSIVE;
				GCC_WARN_UNUSED_FUNCTION = YES;
				GCC_WARN_UNUSED_VARIABLE = YES;
				MACOSX_DEPLOYMENT_TARGET = 10.14;
				MTL_ENABLE_DEBUG_INFO = INCLUDE_SOURCE;
				MTL_FAST_MATH = YES;
				ONLY_ACTIVE_ARCH = YES;
				SDKROOT = macosx;
				SWIFT_ACTIVE_COMPILATION_CONDITIONS = DEBUG;
				SWIFT_OPTIMIZATION_LEVEL = "-Onone";
			};
			name = Debug;
		};
		39284C0526F237AB004EB4F7 /* Release */ = {
			isa = XCBuildConfiguration;
			buildSettings = {
				ALWAYS_SEARCH_USER_PATHS = NO;
				CLANG_ANALYZER_LOCALIZABILITY_NONLOCALIZED = YES;
				CLANG_ANALYZER_NONNULL = YES;
				CLANG_ANALYZER_NUMBER_OBJECT_CONVERSION = YES_AGGRESSIVE;
				CLANG_CXX_LANGUAGE_STANDARD = "gnu++14";
				CLANG_CXX_LIBRARY = "libc++";
				CLANG_ENABLE_MODULES = YES;
				CLANG_ENABLE_OBJC_ARC = YES;
				CLANG_ENABLE_OBJC_WEAK = YES;
				CLANG_WARN_BLOCK_CAPTURE_AUTORELEASING = YES;
				CLANG_WARN_BOOL_CONVERSION = YES;
				CLANG_WARN_COMMA = YES;
				CLANG_WARN_CONSTANT_CONVERSION = YES;
				CLANG_WARN_DEPRECATED_OBJC_IMPLEMENTATIONS = YES;
				CLANG_WARN_DIRECT_OBJC_ISA_USAGE = YES_ERROR;
				CLANG_WARN_DOCUMENTATION_COMMENTS = YES;
				CLANG_WARN_EMPTY_BODY = YES;
				CLANG_WARN_ENUM_CONVERSION = YES;
				CLANG_WARN_INFINITE_RECURSION = YES;
				CLANG_WARN_INT_CONVERSION = YES;
				CLANG_WARN_NON_LITERAL_NULL_CONVERSION = YES;
				CLANG_WARN_OBJC_IMPLICIT_RETAIN_SELF = YES;
				CLANG_WARN_OBJC_LITERAL_CONVERSION = YES;
				CLANG_WARN_OBJC_ROOT_CLASS = YES_ERROR;
				CLANG_WARN_QUOTED_INCLUDE_IN_FRAMEWORK_HEADER = YES;
				CLANG_WARN_RANGE_LOOP_ANALYSIS = YES;
				CLANG_WARN_STRICT_PROTOTYPES = YES;
				CLANG_WARN_SUSPICIOUS_MOVE = YES;
				CLANG_WARN_UNGUARDED_AVAILABILITY = YES_AGGRESSIVE;
				CLANG_WARN_UNREACHABLE_CODE = YES;
				CLANG_WARN__DUPLICATE_METHOD_MATCH = YES;
				COPY_PHASE_STRIP = NO;
				DEBUG_INFORMATION_FORMAT = "dwarf-with-dsym";
				ENABLE_NS_ASSERTIONS = NO;
				ENABLE_STRICT_OBJC_MSGSEND = YES;
				GCC_C_LANGUAGE_STANDARD = gnu11;
				GCC_NO_COMMON_BLOCKS = YES;
				GCC_WARN_64_TO_32_BIT_CONVERSION = YES;
				GCC_WARN_ABOUT_RETURN_TYPE = YES_ERROR;
				GCC_WARN_UNDECLARED_SELECTOR = YES;
				GCC_WARN_UNINITIALIZED_AUTOS = YES_AGGRESSIVE;
				GCC_WARN_UNUSED_FUNCTION = YES;
				GCC_WARN_UNUSED_VARIABLE = YES;
				MACOSX_DEPLOYMENT_TARGET = 10.14;
				MTL_ENABLE_DEBUG_INFO = NO;
				MTL_FAST_MATH = YES;
				SDKROOT = macosx;
				SWIFT_COMPILATION_MODE = wholemodule;
				SWIFT_OPTIMIZATION_LEVEL = "-O";
			};
			name = Release;
		};
		39284C0726F237AB004EB4F7 /* Debug */ = {
			isa = XCBuildConfiguration;
			buildSettings = {
				ASSETCATALOG_COMPILER_APPICON_NAME = AppIcon;
				ASSETCATALOG_COMPILER_GLOBAL_ACCENT_COLOR_NAME = AccentColor;
				CODE_SIGN_ENTITLEMENTS = jinsei/jinsei.entitlements;
				CODE_SIGN_STYLE = Automatic;
				COMBINE_HIDPI_IMAGES = YES;
				DEVELOPMENT_TEAM = ULS4P2E883;
				ENABLE_HARDENED_RUNTIME = YES;
				INFOPLIST_FILE = jinsei/Info.plist;
				LD_RUNPATH_SEARCH_PATHS = (
					"$(inherited)",
					"@executable_path/../Frameworks",
				);
				MACOSX_DEPLOYMENT_TARGET = 10.14;
				PRODUCT_BUNDLE_IDENTIFIER = com.tmotooka.jinsei;
				PRODUCT_NAME = "人生";
				SWIFT_VERSION = 5.0;
			};
			name = Debug;
		};
		39284C0826F237AB004EB4F7 /* Release */ = {
			isa = XCBuildConfiguration;
			buildSettings = {
				ASSETCATALOG_COMPILER_APPICON_NAME = AppIcon;
				ASSETCATALOG_COMPILER_GLOBAL_ACCENT_COLOR_NAME = AccentColor;
				CODE_SIGN_ENTITLEMENTS = jinsei/jinsei.entitlements;
				CODE_SIGN_STYLE = Automatic;
				COMBINE_HIDPI_IMAGES = YES;
				DEVELOPMENT_TEAM = ULS4P2E883;
				ENABLE_HARDENED_RUNTIME = YES;
				INFOPLIST_FILE = jinsei/Info.plist;
				LD_RUNPATH_SEARCH_PATHS = (
					"$(inherited)",
					"@executable_path/../Frameworks",
				);
				MACOSX_DEPLOYMENT_TARGET = 10.14;
				PRODUCT_BUNDLE_IDENTIFIER = com.tmotooka.jinsei;
				PRODUCT_NAME = "人生";
				SWIFT_VERSION = 5.0;
			};
			name = Release;
		};
		39284C0A26F237AB004EB4F7 /* Debug */ = {
			isa = XCBuildConfiguration;
			buildSettings = {
				ALWAYS_EMBED_SWIFT_STANDARD_LIBRARIES = YES;
				BUNDLE_LOADER = "$(TEST_HOST)";
				CODE_SIGN_STYLE = Automatic;
				COMBINE_HIDPI_IMAGES = YES;
				DEVELOPMENT_TEAM = ULS4P2E883;
				INFOPLIST_FILE = jinseiTests/Info.plist;
				LD_RUNPATH_SEARCH_PATHS = (
					"$(inherited)",
					"@executable_path/../Frameworks",
					"@loader_path/../Frameworks",
				);
				MACOSX_DEPLOYMENT_TARGET = 11.3;
				PRODUCT_BUNDLE_IDENTIFIER = com.tmotooka.jinseiTests;
				PRODUCT_NAME = "$(TARGET_NAME)";
				SWIFT_VERSION = 5.0;
				TEST_HOST = "$(BUILT_PRODUCTS_DIR)/jinsei.app/Contents/MacOS/jinsei";
			};
			name = Debug;
		};
		39284C0B26F237AB004EB4F7 /* Release */ = {
			isa = XCBuildConfiguration;
			buildSettings = {
				ALWAYS_EMBED_SWIFT_STANDARD_LIBRARIES = YES;
				BUNDLE_LOADER = "$(TEST_HOST)";
				CODE_SIGN_STYLE = Automatic;
				COMBINE_HIDPI_IMAGES = YES;
				DEVELOPMENT_TEAM = ULS4P2E883;
				INFOPLIST_FILE = jinseiTests/Info.plist;
				LD_RUNPATH_SEARCH_PATHS = (
					"$(inherited)",
					"@executable_path/../Frameworks",
					"@loader_path/../Frameworks",
				);
				MACOSX_DEPLOYMENT_TARGET = 11.3;
				PRODUCT_BUNDLE_IDENTIFIER = com.tmotooka.jinseiTests;
				PRODUCT_NAME = "$(TARGET_NAME)";
				SWIFT_VERSION = 5.0;
				TEST_HOST = "$(BUILT_PRODUCTS_DIR)/jinsei.app/Contents/MacOS/jinsei";
			};
			name = Release;
		};
		39284C0D26F237AB004EB4F7 /* Debug */ = {
			isa = XCBuildConfiguration;
			buildSettings = {
				ALWAYS_EMBED_SWIFT_STANDARD_LIBRARIES = YES;
				CODE_SIGN_STYLE = Automatic;
				COMBINE_HIDPI_IMAGES = YES;
				DEVELOPMENT_TEAM = ULS4P2E883;
				INFOPLIST_FILE = jinseiUITests/Info.plist;
				LD_RUNPATH_SEARCH_PATHS = (
					"$(inherited)",
					"@executable_path/../Frameworks",
					"@loader_path/../Frameworks",
				);
				PRODUCT_BUNDLE_IDENTIFIER = com.tmotooka.jinseiUITests;
				PRODUCT_NAME = "$(TARGET_NAME)";
				SWIFT_VERSION = 5.0;
				TEST_TARGET_NAME = jinsei;
			};
			name = Debug;
		};
		39284C0E26F237AB004EB4F7 /* Release */ = {
			isa = XCBuildConfiguration;
			buildSettings = {
				ALWAYS_EMBED_SWIFT_STANDARD_LIBRARIES = YES;
				CODE_SIGN_STYLE = Automatic;
				COMBINE_HIDPI_IMAGES = YES;
				DEVELOPMENT_TEAM = ULS4P2E883;
				INFOPLIST_FILE = jinseiUITests/Info.plist;
				LD_RUNPATH_SEARCH_PATHS = (
					"$(inherited)",
					"@executable_path/../Frameworks",
					"@loader_path/../Frameworks",
				);
				PRODUCT_BUNDLE_IDENTIFIER = com.tmotooka.jinseiUITests;
				PRODUCT_NAME = "$(TARGET_NAME)";
				SWIFT_VERSION = 5.0;
				TEST_TARGET_NAME = jinsei;
			};
			name = Release;
		};
/* End XCBuildConfiguration section */

/* Begin XCConfigurationList section */
		39284BDB26F237A8004EB4F7 /* Build configuration list for PBXProject "jinsei" */ = {
			isa = XCConfigurationList;
			buildConfigurations = (
				39284C0426F237AB004EB4F7 /* Debug */,
				39284C0526F237AB004EB4F7 /* Release */,
			);
			defaultConfigurationIsVisible = 0;
			defaultConfigurationName = Release;
		};
		39284C0626F237AB004EB4F7 /* Build configuration list for PBXNativeTarget "jinsei" */ = {
			isa = XCConfigurationList;
			buildConfigurations = (
				39284C0726F237AB004EB4F7 /* Debug */,
				39284C0826F237AB004EB4F7 /* Release */,
			);
			defaultConfigurationIsVisible = 0;
			defaultConfigurationName = Release;
		};
		39284C0926F237AB004EB4F7 /* Build configuration list for PBXNativeTarget "jinseiTests" */ = {
			isa = XCConfigurationList;
			buildConfigurations = (
				39284C0A26F237AB004EB4F7 /* Debug */,
				39284C0B26F237AB004EB4F7 /* Release */,
			);
			defaultConfigurationIsVisible = 0;
			defaultConfigurationName = Release;
		};
		39284C0C26F237AB004EB4F7 /* Build configuration list for PBXNativeTarget "jinseiUITests" */ = {
			isa = XCConfigurationList;
			buildConfigurations = (
				39284C0D26F237AB004EB4F7 /* Debug */,
				39284C0E26F237AB004EB4F7 /* Release */,
			);
			defaultConfigurationIsVisible = 0;
			defaultConfigurationName = Release;
		};
/* End XCConfigurationList section */
	};
	rootObject = 39284BD826F237A8004EB4F7 /* Project object */;
}
